{
  "name": "frotend_miwebunlock",
  "lockfileVersion": 3,
  "requires": true,
  "packages": {
    "": {
      "dependencies": {
        "android-fastboot": "^1.1.3"
      }
    },
    "node_modules/@zip.js/zip.js": {
      "version": "2.2.27",
      "resolved": "https://registry.npmjs.org/@zip.js/zip.js/-/zip.js-2.2.27.tgz",
      "integrity": "sha512-lQLsq41xUIGJnUizICgjLL+1hrnlLcqyWnQcaNi8FdsxfJl8y0bqdolDit8o65Huai+/GwXbCODMVu05kNU8mA==",
      "license": "BSD-3-Clause"
    },
    "node_modules/android-fastboot": {
      "version": "1.1.3",
      "resolved": "https://registry.npmjs.org/android-fastboot/-/android-fastboot-1.1.3.tgz",
      "integrity": "sha512-WKgJR25RFS6zuIeHlg7hwNiX6MaGYRmDVR1w0ZZv7iXCfJueUVddb7+eCrG0GNzTyJDbTdetVN1R9Pls9r0DKA==",
      "license": "MIT",
      "dependencies": {
        "@zip.js/zip.js": "2.2.27"
      }
    }
  }
}
